
Microsoft Visual Studio Solution File, Format Version 12.00
# Visual Studio Version 17
VisualStudioVersion = 17.7.34003.232
MinimumVisualStudioVersion = 10.0.40219.1
Project("{FAE04EC0-301F-11D3-BF4B-00C04F79EFBC}") = "ProyectoCore", "ProyectoCore\ProyectoCore.csproj", "{AAA866A0-F3C0-43EF-85E8-385014D5DD93}"
EndProject
Global
	GlobalSection(SolutionConfigurationPlatforms) = preSolution
		Debug|Any CPU = Debug|Any CPU
		Release|Any CPU = Release|Any CPU
	EndGlobalSection
	GlobalSection(ProjectConfigurationPlatforms) = postSolution
		{AAA866A0-F3C0-43EF-85E8-385014D5DD93}.Debug|Any CPU.ActiveCfg = Debug|Any CPU
		{AAA866A0-F3C0-43EF-85E8-385014D5DD93}.Debug|Any CPU.Build.0 = Debug|Any CPU
		{AAA866A0-F3C0-43EF-85E8-385014D5DD93}.Release|Any CPU.ActiveCfg = Release|Any CPU
		{AAA866A0-F3C0-43EF-85E8-385014D5DD93}.Release|Any CPU.Build.0 = Release|Any CPU
	EndGlobalSection
	GlobalSection(SolutionProperties) = preSolution
		HideSolutionNode = FALSE
	EndGlobalSection
	GlobalSection(ExtensibilityGlobals) = postSolution
		SolutionGuid = {DE66EAB5-1818-4B75-9FBD-B3F30925382E}
	EndGlobalSection
EndGlobal
